
Microsoft Visual Studio Solution File, Format Version 12.00
# Visual Studio Version 17
VisualStudioVersion = 17.12.35514.174
MinimumVisualStudioVersion = 10.0.40219.1
Project("{FAE04EC0-301F-11D3-BF4B-00C04F79EFBC}") = "Exo1", "Exo1\Exo1.csproj", "{7786B159-DD7A-4BF9-9BFB-8588E4FBE9DD}"
EndProject
Project("{FAE04EC0-301F-11D3-BF4B-00C04F79EFBC}") = "Exo2", "Exo2\Exo2.csproj", "{A663CBC1-1A35-4208-9968-6A36EC5010F7}"
EndProject
Project("{FAE04EC0-301F-11D3-BF4B-00C04F79EFBC}") = "Exo3", "Exo3\Exo3.csproj", "{8C48EEF9-9DD2-4508-A2C7-0D9FE80DEB56}"
EndProject
Project("{FAE04EC0-301F-11D3-BF4B-00C04F79EFBC}") = "Exo4", "Exo4\Exo4.csproj", "{7E41DA81-1826-4EF2-9B09-9379E8E12F59}"
EndProject
Project("{FAE04EC0-301F-11D3-BF4B-00C04F79EFBC}") = "Exo5", "Exo5\Exo5.csproj", "{B9C5C8A5-58FF-4381-9837-919B3AF43165}"
EndProject
Project("{FAE04EC0-301F-11D3-BF4B-00C04F79EFBC}") = "Exo6", "Exo6\Exo6.csproj", "{93B88554-55C6-4497-9853-200C1CFD534F}"
EndProject
Project("{FAE04EC0-301F-11D3-BF4B-00C04F79EFBC}") = "Exo7", "Exo7\Exo7.csproj", "{603BBAFD-B7AE-4B56-9D25-9B7AA09EDA8D}"
EndProject
Project("{FAE04EC0-301F-11D3-BF4B-00C04F79EFBC}") = "Exo8", "Exo8\Exo8.csproj", "{D2D37E7A-0F50-4A60-B9FE-141EE3F54D6A}"
EndProject
Project("{FAE04EC0-301F-11D3-BF4B-00C04F79EFBC}") = "Exo9", "Exo9\Exo9.csproj", "{3D3EEEDC-718B-4BA0-8FBE-8F1C306B47BF}"
EndProject
Project("{FAE04EC0-301F-11D3-BF4B-00C04F79EFBC}") = "Exo10", "Exo10\Exo10.csproj", "{CD78C3B0-12E9-4B37-87B7-3707BF01A89B}"
EndProject
Project("{FAE04EC0-301F-11D3-BF4B-00C04F79EFBC}") = "Exo11", "Exo11\Exo11.csproj", "{99654A1B-069A-4247-A642-10E817D0155A}"
EndProject
Global
	GlobalSection(SolutionConfigurationPlatforms) = preSolution
		Debug|Any CPU = Debug|Any CPU
		Release|Any CPU = Release|Any CPU
	EndGlobalSection
	GlobalSection(ProjectConfigurationPlatforms) = postSolution
		{7786B159-DD7A-4BF9-9BFB-8588E4FBE9DD}.Debug|Any CPU.ActiveCfg = Debug|Any CPU
		{7786B159-DD7A-4BF9-9BFB-8588E4FBE9DD}.Debug|Any CPU.Build.0 = Debug|Any CPU
		{7786B159-DD7A-4BF9-9BFB-8588E4FBE9DD}.Release|Any CPU.ActiveCfg = Release|Any CPU
		{7786B159-DD7A-4BF9-9BFB-8588E4FBE9DD}.Release|Any CPU.Build.0 = Release|Any CPU
		{A663CBC1-1A35-4208-9968-6A36EC5010F7}.Debug|Any CPU.ActiveCfg = Debug|Any CPU
		{A663CBC1-1A35-4208-9968-6A36EC5010F7}.Debug|Any CPU.Build.0 = Debug|Any CPU
		{A663CBC1-1A35-4208-9968-6A36EC5010F7}.Release|Any CPU.ActiveCfg = Release|Any CPU
		{A663CBC1-1A35-4208-9968-6A36EC5010F7}.Release|Any CPU.Build.0 = Release|Any CPU
		{8C48EEF9-9DD2-4508-A2C7-0D9FE80DEB56}.Debug|Any CPU.ActiveCfg = Debug|Any CPU
		{8C48EEF9-9DD2-4508-A2C7-0D9FE80DEB56}.Debug|Any CPU.Build.0 = Debug|Any CPU
		{8C48EEF9-9DD2-4508-A2C7-0D9FE80DEB56}.Release|Any CPU.ActiveCfg = Release|Any CPU
		{8C48EEF9-9DD2-4508-A2C7-0D9FE80DEB56}.Release|Any CPU.Build.0 = Release|Any CPU
		{7E41DA81-1826-4EF2-9B09-9379E8E12F59}.Debug|Any CPU.ActiveCfg = Debug|Any CPU
		{7E41DA81-1826-4EF2-9B09-9379E8E12F59}.Debug|Any CPU.Build.0 = Debug|Any CPU
		{7E41DA81-1826-4EF2-9B09-9379E8E12F59}.Release|Any CPU.ActiveCfg = Release|Any CPU
		{7E41DA81-1826-4EF2-9B09-9379E8E12F59}.Release|Any CPU.Build.0 = Release|Any CPU
		{B9C5C8A5-58FF-4381-9837-919B3AF43165}.Debug|Any CPU.ActiveCfg = Debug|Any CPU
		{B9C5C8A5-58FF-4381-9837-919B3AF43165}.Debug|Any CPU.Build.0 = Debug|Any CPU
		{B9C5C8A5-58FF-4381-9837-919B3AF43165}.Release|Any CPU.ActiveCfg = Release|Any CPU
		{B9C5C8A5-58FF-4381-9837-919B3AF43165}.Release|Any CPU.Build.0 = Release|Any CPU
		{93B88554-55C6-4497-9853-200C1CFD534F}.Debug|Any CPU.ActiveCfg = Debug|Any CPU
		{93B88554-55C6-4497-9853-200C1CFD534F}.Debug|Any CPU.Build.0 = Debug|Any CPU
		{93B88554-55C6-4497-9853-200C1CFD534F}.Release|Any CPU.ActiveCfg = Release|Any CPU
		{93B88554-55C6-4497-9853-200C1CFD534F}.Release|Any CPU.Build.0 = Release|Any CPU
		{603BBAFD-B7AE-4B56-9D25-9B7AA09EDA8D}.Debug|Any CPU.ActiveCfg = Debug|Any CPU
		{603BBAFD-B7AE-4B56-9D25-9B7AA09EDA8D}.Debug|Any CPU.Build.0 = Debug|Any CPU
		{603BBAFD-B7AE-4B56-9D25-9B7AA09EDA8D}.Release|Any CPU.ActiveCfg = Release|Any CPU
		{603BBAFD-B7AE-4B56-9D25-9B7AA09EDA8D}.Release|Any CPU.Build.0 = Release|Any CPU
		{D2D37E7A-0F50-4A60-B9FE-141EE3F54D6A}.Debug|Any CPU.ActiveCfg = Debug|Any CPU
		{D2D37E7A-0F50-4A60-B9FE-141EE3F54D6A}.Debug|Any CPU.Build.0 = Debug|Any CPU
		{D2D37E7A-0F50-4A60-B9FE-141EE3F54D6A}.Release|Any CPU.ActiveCfg = Release|Any CPU
		{D2D37E7A-0F50-4A60-B9FE-141EE3F54D6A}.Release|Any CPU.Build.0 = Release|Any CPU
		{3D3EEEDC-718B-4BA0-8FBE-8F1C306B47BF}.Debug|Any CPU.ActiveCfg = Debug|Any CPU
		{3D3EEEDC-718B-4BA0-8FBE-8F1C306B47BF}.Debug|Any CPU.Build.0 = Debug|Any CPU
		{3D3EEEDC-718B-4BA0-8FBE-8F1C306B47BF}.Release|Any CPU.ActiveCfg = Release|Any CPU
		{3D3EEEDC-718B-4BA0-8FBE-8F1C306B47BF}.Release|Any CPU.Build.0 = Release|Any CPU
		{CD78C3B0-12E9-4B37-87B7-3707BF01A89B}.Debug|Any CPU.ActiveCfg = Debug|Any CPU
		{CD78C3B0-12E9-4B37-87B7-3707BF01A89B}.Debug|Any CPU.Build.0 = Debug|Any CPU
		{CD78C3B0-12E9-4B37-87B7-3707BF01A89B}.Release|Any CPU.ActiveCfg = Release|Any CPU
		{CD78C3B0-12E9-4B37-87B7-3707BF01A89B}.Release|Any CPU.Build.0 = Release|Any CPU
		{99654A1B-069A-4247-A642-10E817D0155A}.Debug|Any CPU.ActiveCfg = Debug|Any CPU
		{99654A1B-069A-4247-A642-10E817D0155A}.Debug|Any CPU.Build.0 = Debug|Any CPU
		{99654A1B-069A-4247-A642-10E817D0155A}.Release|Any CPU.ActiveCfg = Release|Any CPU
		{99654A1B-069A-4247-A642-10E817D0155A}.Release|Any CPU.Build.0 = Release|Any CPU
	EndGlobalSection
	GlobalSection(SolutionProperties) = preSolution
		HideSolutionNode = FALSE
	EndGlobalSection
EndGlobal
